
Microsoft Visual Studio Solution File, Format Version 12.00
# Visual Studio Version 16
VisualStudioVersion = 16.0.30114.105
MinimumVisualStudioVersion = 10.0.40219.1
Project("{FAE04EC0-301F-11D3-BF4B-00C04F79EFBC}") = "InstaPyGUI", "InstaPyGUI\InstaPyGUI.csproj", "{5450374A-F482-4340-84D1-F866FAF3D48A}"
EndProject
Global
	GlobalSection(SolutionConfigurationPlatforms) = preSolution
		Debug|Any CPU = Debug|Any CPU
		Release|Any CPU = Release|Any CPU
	EndGlobalSection
	GlobalSection(ProjectConfigurationPlatforms) = postSolution
		{5450374A-F482-4340-84D1-F866FAF3D48A}.Debug|Any CPU.ActiveCfg = Debug|Any CPU
		{5450374A-F482-4340-84D1-F866FAF3D48A}.Debug|Any CPU.Build.0 = Debug|Any CPU
		{5450374A-F482-4340-84D1-F866FAF3D48A}.Release|Any CPU.ActiveCfg = Release|Any CPU
		{5450374A-F482-4340-84D1-F866FAF3D48A}.Release|Any CPU.Build.0 = Release|Any CPU
	EndGlobalSection
	GlobalSection(SolutionProperties) = preSolution
		HideSolutionNode = FALSE
	EndGlobalSection
	GlobalSection(ExtensibilityGlobals) = postSolution
		SolutionGuid = {551857C8-70F8-4533-AACE-55A3B8457FFB}
	EndGlobalSection
EndGlobal
